
Microsoft Visual Studio Solution File, Format Version 12.00
Project("{FAE04EC0-301F-11D3-BF4B-00C04F79EFBC}") = "Domain", "src\Domain\Domain.csproj", "{A553DE17-4B15-4918-B6D3-0CA862AE6900}"
EndProject
Project("{2150E333-8FDC-42A3-9474-1A3956D46DE8}") = "src", "src", "{931E4619-9617-4401-B17D-D64FC34C8168}"
EndProject
Project("{FAE04EC0-301F-11D3-BF4B-00C04F79EFBC}") = "Application", "src\Application\Application.csproj", "{29F3E0EA-32EA-48FB-AFF9-9E110418C4B8}"
EndProject
Project("{FAE04EC0-301F-11D3-BF4B-00C04F79EFBC}") = "Infrastructure", "src\Infrastructure\Infrastructure.csproj", "{4113FCA9-4E90-4221-BB47-FE2AD9E9A28D}"
EndProject
Project("{FAE04EC0-301F-11D3-BF4B-00C04F79EFBC}") = "Api", "src\Api\Api.csproj", "{20B5D915-B107-4254-8895-334ADBDE084C}"
EndProject
Project("{2150E333-8FDC-42A3-9474-1A3956D46DE8}") = "tests", "tests", "{379EE1D7-5089-4D33-ACFF-A2FD2C005164}"
EndProject
Project("{FAE04EC0-301F-11D3-BF4B-00C04F79EFBC}") = "Unit", "tests\Unit\Unit.csproj", "{C7135E6E-5C66-4F50-9EB9-6F16289E3A3F}"
EndProject
Project("{FAE04EC0-301F-11D3-BF4B-00C04F79EFBC}") = "Integration", "tests\Integration\Integration.csproj", "{81532250-8337-428B-A219-BB3D7AC7F18E}"
EndProject
Project("{FAE04EC0-301F-11D3-BF4B-00C04F79EFBC}") = "E2E", "tests\E2E\E2E.csproj", "{9D303A28-C5E1-456B-8B5E-E9864ABC7B0F}"
EndProject
Global
	GlobalSection(SolutionConfigurationPlatforms) = preSolution
		Debug|Any CPU = Debug|Any CPU
		Release|Any CPU = Release|Any CPU
	EndGlobalSection
	GlobalSection(ProjectConfigurationPlatforms) = postSolution
		{A553DE17-4B15-4918-B6D3-0CA862AE6900}.Debug|Any CPU.ActiveCfg = Debug|Any CPU
		{A553DE17-4B15-4918-B6D3-0CA862AE6900}.Debug|Any CPU.Build.0 = Debug|Any CPU
		{A553DE17-4B15-4918-B6D3-0CA862AE6900}.Release|Any CPU.ActiveCfg = Release|Any CPU
		{A553DE17-4B15-4918-B6D3-0CA862AE6900}.Release|Any CPU.Build.0 = Release|Any CPU
		{29F3E0EA-32EA-48FB-AFF9-9E110418C4B8}.Debug|Any CPU.ActiveCfg = Debug|Any CPU
		{29F3E0EA-32EA-48FB-AFF9-9E110418C4B8}.Debug|Any CPU.Build.0 = Debug|Any CPU
		{29F3E0EA-32EA-48FB-AFF9-9E110418C4B8}.Release|Any CPU.ActiveCfg = Release|Any CPU
		{29F3E0EA-32EA-48FB-AFF9-9E110418C4B8}.Release|Any CPU.Build.0 = Release|Any CPU
		{4113FCA9-4E90-4221-BB47-FE2AD9E9A28D}.Debug|Any CPU.ActiveCfg = Debug|Any CPU
		{4113FCA9-4E90-4221-BB47-FE2AD9E9A28D}.Debug|Any CPU.Build.0 = Debug|Any CPU
		{4113FCA9-4E90-4221-BB47-FE2AD9E9A28D}.Release|Any CPU.ActiveCfg = Release|Any CPU
		{4113FCA9-4E90-4221-BB47-FE2AD9E9A28D}.Release|Any CPU.Build.0 = Release|Any CPU
		{20B5D915-B107-4254-8895-334ADBDE084C}.Debug|Any CPU.ActiveCfg = Debug|Any CPU
		{20B5D915-B107-4254-8895-334ADBDE084C}.Debug|Any CPU.Build.0 = Debug|Any CPU
		{20B5D915-B107-4254-8895-334ADBDE084C}.Release|Any CPU.ActiveCfg = Release|Any CPU
		{20B5D915-B107-4254-8895-334ADBDE084C}.Release|Any CPU.Build.0 = Release|Any CPU
		{C7135E6E-5C66-4F50-9EB9-6F16289E3A3F}.Debug|Any CPU.ActiveCfg = Debug|Any CPU
		{C7135E6E-5C66-4F50-9EB9-6F16289E3A3F}.Debug|Any CPU.Build.0 = Debug|Any CPU
		{C7135E6E-5C66-4F50-9EB9-6F16289E3A3F}.Release|Any CPU.ActiveCfg = Release|Any CPU
		{C7135E6E-5C66-4F50-9EB9-6F16289E3A3F}.Release|Any CPU.Build.0 = Release|Any CPU
		{81532250-8337-428B-A219-BB3D7AC7F18E}.Debug|Any CPU.ActiveCfg = Debug|Any CPU
		{81532250-8337-428B-A219-BB3D7AC7F18E}.Debug|Any CPU.Build.0 = Debug|Any CPU
		{81532250-8337-428B-A219-BB3D7AC7F18E}.Release|Any CPU.ActiveCfg = Release|Any CPU
		{81532250-8337-428B-A219-BB3D7AC7F18E}.Release|Any CPU.Build.0 = Release|Any CPU
		{9D303A28-C5E1-456B-8B5E-E9864ABC7B0F}.Debug|Any CPU.ActiveCfg = Debug|Any CPU
		{9D303A28-C5E1-456B-8B5E-E9864ABC7B0F}.Debug|Any CPU.Build.0 = Debug|Any CPU
		{9D303A28-C5E1-456B-8B5E-E9864ABC7B0F}.Release|Any CPU.ActiveCfg = Release|Any CPU
		{9D303A28-C5E1-456B-8B5E-E9864ABC7B0F}.Release|Any CPU.Build.0 = Release|Any CPU
	EndGlobalSection
	GlobalSection(NestedProjects) = preSolution
		{A553DE17-4B15-4918-B6D3-0CA862AE6900} = {931E4619-9617-4401-B17D-D64FC34C8168}
		{29F3E0EA-32EA-48FB-AFF9-9E110418C4B8} = {931E4619-9617-4401-B17D-D64FC34C8168}
		{4113FCA9-4E90-4221-BB47-FE2AD9E9A28D} = {931E4619-9617-4401-B17D-D64FC34C8168}
		{20B5D915-B107-4254-8895-334ADBDE084C} = {931E4619-9617-4401-B17D-D64FC34C8168}
		{C7135E6E-5C66-4F50-9EB9-6F16289E3A3F} = {379EE1D7-5089-4D33-ACFF-A2FD2C005164}
		{81532250-8337-428B-A219-BB3D7AC7F18E} = {379EE1D7-5089-4D33-ACFF-A2FD2C005164}
		{9D303A28-C5E1-456B-8B5E-E9864ABC7B0F} = {379EE1D7-5089-4D33-ACFF-A2FD2C005164}
	EndGlobalSection
EndGlobal
